
Microsoft Visual Studio Solution File, Format Version 12.00
# Visual Studio Version 16
VisualStudioVersion = 16.0.28922.388
MinimumVisualStudioVersion = 10.0.40219.1
Project("{FAE04EC0-301F-11D3-BF4B-00C04F79EFBC}") = "secao-13-exePropFilesDirectory-class189", "secao-13-exePropFilesDirectory-class189\secao-13-exePropFilesDirectory-class189.csproj", "{64801355-0215-464D-A873-57DF12875229}"
EndProject
Global
	GlobalSection(SolutionConfigurationPlatforms) = preSolution
		Debug|Any CPU = Debug|Any CPU
		Release|Any CPU = Release|Any CPU
	EndGlobalSection
	GlobalSection(ProjectConfigurationPlatforms) = postSolution
		{64801355-0215-464D-A873-57DF12875229}.Debug|Any CPU.ActiveCfg = Debug|Any CPU
		{64801355-0215-464D-A873-57DF12875229}.Debug|Any CPU.Build.0 = Debug|Any CPU
		{64801355-0215-464D-A873-57DF12875229}.Release|Any CPU.ActiveCfg = Release|Any CPU
		{64801355-0215-464D-A873-57DF12875229}.Release|Any CPU.Build.0 = Release|Any CPU
	EndGlobalSection
	GlobalSection(SolutionProperties) = preSolution
		HideSolutionNode = FALSE
	EndGlobalSection
	GlobalSection(ExtensibilityGlobals) = postSolution
		SolutionGuid = {A69D8C39-C629-4389-AECE-DF39576840C9}
	EndGlobalSection
EndGlobal
